
Microsoft Visual Studio Solution File, Format Version 12.00
# Visual Studio Version 16
VisualStudioVersion = 16.0.31515.178
MinimumVisualStudioVersion = 10.0.40219.1
Project("{FAE04EC0-301F-11D3-BF4B-00C04F79EFBC}") = "VidlyMVC", "VidlyMVC.csproj", "{37063FCA-A6CC-490A-B2AF-012376BFF809}"
EndProject
Global
	GlobalSection(SolutionConfigurationPlatforms) = preSolution
		Debug|Any CPU = Debug|Any CPU
		Release|Any CPU = Release|Any CPU
	EndGlobalSection
	GlobalSection(ProjectConfigurationPlatforms) = postSolution
		{37063FCA-A6CC-490A-B2AF-012376BFF809}.Debug|Any CPU.ActiveCfg = Debug|Any CPU
		{37063FCA-A6CC-490A-B2AF-012376BFF809}.Debug|Any CPU.Build.0 = Debug|Any CPU
		{37063FCA-A6CC-490A-B2AF-012376BFF809}.Release|Any CPU.ActiveCfg = Release|Any CPU
		{37063FCA-A6CC-490A-B2AF-012376BFF809}.Release|Any CPU.Build.0 = Release|Any CPU
	EndGlobalSection
	GlobalSection(SolutionProperties) = preSolution
		HideSolutionNode = FALSE
	EndGlobalSection
	GlobalSection(ExtensibilityGlobals) = postSolution
		SolutionGuid = {38A2FBBA-5F20-4571-8212-5A456470CF65}
	EndGlobalSection
EndGlobal
